
Microsoft Visual Studio Solution File, Format Version 12.00
# Visual Studio Version 17
VisualStudioVersion = 17.11.35312.102
MinimumVisualStudioVersion = 10.0.40219.1
Project("{FAE04EC0-301F-11D3-BF4B-00C04F79EFBC}") = "WpfTasksListMVVM", "WpfTasksListMVVM\WpfTasksListMVVM.csproj", "{5990E1FD-17C6-409E-A768-D70475D2D256}"
EndProject
Global
	GlobalSection(SolutionConfigurationPlatforms) = preSolution
		Debug|Any CPU = Debug|Any CPU
		Release|Any CPU = Release|Any CPU
	EndGlobalSection
	GlobalSection(ProjectConfigurationPlatforms) = postSolution
		{5990E1FD-17C6-409E-A768-D70475D2D256}.Debug|Any CPU.ActiveCfg = Debug|Any CPU
		{5990E1FD-17C6-409E-A768-D70475D2D256}.Debug|Any CPU.Build.0 = Debug|Any CPU
		{5990E1FD-17C6-409E-A768-D70475D2D256}.Release|Any CPU.ActiveCfg = Release|Any CPU
		{5990E1FD-17C6-409E-A768-D70475D2D256}.Release|Any CPU.Build.0 = Release|Any CPU
	EndGlobalSection
	GlobalSection(SolutionProperties) = preSolution
		HideSolutionNode = FALSE
	EndGlobalSection
	GlobalSection(ExtensibilityGlobals) = postSolution
		SolutionGuid = {3EE55536-FDB5-41D3-B54E-7BD8718552C4}
	EndGlobalSection
EndGlobal
